
Microsoft Visual Studio Solution File, Format Version 12.00
# Visual Studio 15
VisualStudioVersion = 15.0.27703.2047
MinimumVisualStudioVersion = 10.0.40219.1
Project("{FAE04EC0-301F-11D3-BF4B-00C04F79EFBC}") = "dibk.digitek.veiviser", "dibk.digitek.veiviser\dibk.digitek.veiviser.csproj", "{C01496DC-D916-48EB-9B7B-2B6AF654EFB5}"
EndProject
Project("{FAE04EC0-301F-11D3-BF4B-00C04F79EFBC}") = "CamundaClient", "CamundaClient\CamundaClient.csproj", "{D316A8E0-09CB-4D66-B635-94860C3EB799}"
EndProject
Project("{FAE04EC0-301F-11D3-BF4B-00C04F79EFBC}") = "VeiviserTest", "VeiviserTest\VeiviserTest.csproj", "{21C2B699-50E9-48B4-852F-815B8373684B}"
EndProject
Global
	GlobalSection(SolutionConfigurationPlatforms) = preSolution
		Debug|Any CPU = Debug|Any CPU
		Release|Any CPU = Release|Any CPU
	EndGlobalSection
	GlobalSection(ProjectConfigurationPlatforms) = postSolution
		{C01496DC-D916-48EB-9B7B-2B6AF654EFB5}.Debug|Any CPU.ActiveCfg = Debug|Any CPU
		{C01496DC-D916-48EB-9B7B-2B6AF654EFB5}.Debug|Any CPU.Build.0 = Debug|Any CPU
		{C01496DC-D916-48EB-9B7B-2B6AF654EFB5}.Release|Any CPU.ActiveCfg = Release|Any CPU
		{C01496DC-D916-48EB-9B7B-2B6AF654EFB5}.Release|Any CPU.Build.0 = Release|Any CPU
		{D316A8E0-09CB-4D66-B635-94860C3EB799}.Debug|Any CPU.ActiveCfg = Debug|Any CPU
		{D316A8E0-09CB-4D66-B635-94860C3EB799}.Debug|Any CPU.Build.0 = Debug|Any CPU
		{D316A8E0-09CB-4D66-B635-94860C3EB799}.Release|Any CPU.ActiveCfg = Release|Any CPU
		{D316A8E0-09CB-4D66-B635-94860C3EB799}.Release|Any CPU.Build.0 = Release|Any CPU
		{21C2B699-50E9-48B4-852F-815B8373684B}.Debug|Any CPU.ActiveCfg = Debug|Any CPU
		{21C2B699-50E9-48B4-852F-815B8373684B}.Debug|Any CPU.Build.0 = Debug|Any CPU
		{21C2B699-50E9-48B4-852F-815B8373684B}.Release|Any CPU.ActiveCfg = Release|Any CPU
		{21C2B699-50E9-48B4-852F-815B8373684B}.Release|Any CPU.Build.0 = Release|Any CPU
	EndGlobalSection
	GlobalSection(SolutionProperties) = preSolution
		HideSolutionNode = FALSE
	EndGlobalSection
	GlobalSection(ExtensibilityGlobals) = postSolution
		SolutionGuid = {16D797F5-DD63-4853-B25C-C7A0E4AFC48A}
	EndGlobalSection
EndGlobal
